
Microsoft Visual Studio Solution File, Format Version 12.00
# Visual Studio Version 17
VisualStudioVersion = 17.13.35828.75 d17.13
MinimumVisualStudioVersion = 10.0.40219.1
Project("{FAE04EC0-301F-11D3-BF4B-00C04F79EFBC}") = "E-Commerce.Web", "E-Commerce.Web\E-Commerce.Web.csproj", "{3F1B97F6-AD25-4828-8A66-5770C3C6B7C9}"
EndProject
Project("{2150E333-8FDC-42A3-9474-1A3956D46DE8}") = "Core", "Core", "{02EA681E-C7D8-13C7-8484-4AC65E1B71E8}"
EndProject
Project("{2150E333-8FDC-42A3-9474-1A3956D46DE8}") = "Infrastructure", "Infrastructure", "{7911403E-2D06-4D9F-875B-0AD45EC41D1D}"
EndProject
Project("{FAE04EC0-301F-11D3-BF4B-00C04F79EFBC}") = "DomainLayer", "DomainLayer\DomainLayer.csproj", "{B2FD76C0-B80B-4F43-BEDA-06A2EE94B639}"
EndProject
Project("{FAE04EC0-301F-11D3-BF4B-00C04F79EFBC}") = "Service", "Service\Service.csproj", "{CDE4E8FF-4EFB-4A28-85C2-B768075BB85B}"
EndProject
Project("{FAE04EC0-301F-11D3-BF4B-00C04F79EFBC}") = "ServiceApstraction", "ServiceApstraction\ServiceApstraction.csproj", "{4105DFDC-B43C-4F95-BE00-AA2D9F32ACE5}"
EndProject
Project("{FAE04EC0-301F-11D3-BF4B-00C04F79EFBC}") = "Persistence", "Persistence\Persistence.csproj", "{D591576E-FD23-4153-8425-9A048FCF39AC}"
EndProject
Project("{FAE04EC0-301F-11D3-BF4B-00C04F79EFBC}") = "Presentation", "Presentation\Presentation.csproj", "{63954E5E-81A0-4FDF-A4B9-74655F52D243}"
EndProject
Project("{FAE04EC0-301F-11D3-BF4B-00C04F79EFBC}") = "Shared", "Shared\Shared.csproj", "{2CC8BB48-1D13-4EB7-AD43-1E37E84C53AE}"
EndProject
Global
	GlobalSection(SolutionConfigurationPlatforms) = preSolution
		Debug|Any CPU = Debug|Any CPU
		Release|Any CPU = Release|Any CPU
	EndGlobalSection
	GlobalSection(ProjectConfigurationPlatforms) = postSolution
		{3F1B97F6-AD25-4828-8A66-5770C3C6B7C9}.Debug|Any CPU.ActiveCfg = Debug|Any CPU
		{3F1B97F6-AD25-4828-8A66-5770C3C6B7C9}.Debug|Any CPU.Build.0 = Debug|Any CPU
		{3F1B97F6-AD25-4828-8A66-5770C3C6B7C9}.Release|Any CPU.ActiveCfg = Release|Any CPU
		{3F1B97F6-AD25-4828-8A66-5770C3C6B7C9}.Release|Any CPU.Build.0 = Release|Any CPU
		{B2FD76C0-B80B-4F43-BEDA-06A2EE94B639}.Debug|Any CPU.ActiveCfg = Debug|Any CPU
		{B2FD76C0-B80B-4F43-BEDA-06A2EE94B639}.Debug|Any CPU.Build.0 = Debug|Any CPU
		{B2FD76C0-B80B-4F43-BEDA-06A2EE94B639}.Release|Any CPU.ActiveCfg = Release|Any CPU
		{B2FD76C0-B80B-4F43-BEDA-06A2EE94B639}.Release|Any CPU.Build.0 = Release|Any CPU
		{CDE4E8FF-4EFB-4A28-85C2-B768075BB85B}.Debug|Any CPU.ActiveCfg = Debug|Any CPU
		{CDE4E8FF-4EFB-4A28-85C2-B768075BB85B}.Debug|Any CPU.Build.0 = Debug|Any CPU
		{CDE4E8FF-4EFB-4A28-85C2-B768075BB85B}.Release|Any CPU.ActiveCfg = Release|Any CPU
		{CDE4E8FF-4EFB-4A28-85C2-B768075BB85B}.Release|Any CPU.Build.0 = Release|Any CPU
		{4105DFDC-B43C-4F95-BE00-AA2D9F32ACE5}.Debug|Any CPU.ActiveCfg = Debug|Any CPU
		{4105DFDC-B43C-4F95-BE00-AA2D9F32ACE5}.Debug|Any CPU.Build.0 = Debug|Any CPU
		{4105DFDC-B43C-4F95-BE00-AA2D9F32ACE5}.Release|Any CPU.ActiveCfg = Release|Any CPU
		{4105DFDC-B43C-4F95-BE00-AA2D9F32ACE5}.Release|Any CPU.Build.0 = Release|Any CPU
		{D591576E-FD23-4153-8425-9A048FCF39AC}.Debug|Any CPU.ActiveCfg = Debug|Any CPU
		{D591576E-FD23-4153-8425-9A048FCF39AC}.Debug|Any CPU.Build.0 = Debug|Any CPU
		{D591576E-FD23-4153-8425-9A048FCF39AC}.Release|Any CPU.ActiveCfg = Release|Any CPU
		{D591576E-FD23-4153-8425-9A048FCF39AC}.Release|Any CPU.Build.0 = Release|Any CPU
		{63954E5E-81A0-4FDF-A4B9-74655F52D243}.Debug|Any CPU.ActiveCfg = Debug|Any CPU
		{63954E5E-81A0-4FDF-A4B9-74655F52D243}.Debug|Any CPU.Build.0 = Debug|Any CPU
		{63954E5E-81A0-4FDF-A4B9-74655F52D243}.Release|Any CPU.ActiveCfg = Release|Any CPU
		{63954E5E-81A0-4FDF-A4B9-74655F52D243}.Release|Any CPU.Build.0 = Release|Any CPU
		{2CC8BB48-1D13-4EB7-AD43-1E37E84C53AE}.Debug|Any CPU.ActiveCfg = Debug|Any CPU
		{2CC8BB48-1D13-4EB7-AD43-1E37E84C53AE}.Debug|Any CPU.Build.0 = Debug|Any CPU
		{2CC8BB48-1D13-4EB7-AD43-1E37E84C53AE}.Release|Any CPU.ActiveCfg = Release|Any CPU
		{2CC8BB48-1D13-4EB7-AD43-1E37E84C53AE}.Release|Any CPU.Build.0 = Release|Any CPU
	EndGlobalSection
	GlobalSection(SolutionProperties) = preSolution
		HideSolutionNode = FALSE
	EndGlobalSection
	GlobalSection(NestedProjects) = preSolution
		{B2FD76C0-B80B-4F43-BEDA-06A2EE94B639} = {02EA681E-C7D8-13C7-8484-4AC65E1B71E8}
		{CDE4E8FF-4EFB-4A28-85C2-B768075BB85B} = {02EA681E-C7D8-13C7-8484-4AC65E1B71E8}
		{4105DFDC-B43C-4F95-BE00-AA2D9F32ACE5} = {02EA681E-C7D8-13C7-8484-4AC65E1B71E8}
		{D591576E-FD23-4153-8425-9A048FCF39AC} = {7911403E-2D06-4D9F-875B-0AD45EC41D1D}
		{63954E5E-81A0-4FDF-A4B9-74655F52D243} = {7911403E-2D06-4D9F-875B-0AD45EC41D1D}
	EndGlobalSection
	GlobalSection(ExtensibilityGlobals) = postSolution
		SolutionGuid = {70422169-CE67-4EA9-BC42-50E5717014CD}
	EndGlobalSection
EndGlobal
